
Microsoft Visual Studio Solution File, Format Version 12.00
# Visual Studio Version 17
VisualStudioVersion = 17.10.34916.146
MinimumVisualStudioVersion = 10.0.40219.1
Project("{9A19103F-16F7-4668-BE54-9A1E7A4F7556}") = "CacheTask", "CacheTask\CacheTask.csproj", "{428AA4F0-0512-4C29-88AF-592DB742C323}"
EndProject
Project("{FAE04EC0-301F-11D3-BF4B-00C04F79EFBC}") = "CacheTests", "CacheTests\CacheTests.csproj", "{B87FFE8A-456B-4A53-B701-3F81B03C5FA0}"
EndProject
Global
	GlobalSection(SolutionConfigurationPlatforms) = preSolution
		Debug|Any CPU = Debug|Any CPU
		Release|Any CPU = Release|Any CPU
	EndGlobalSection
	GlobalSection(ProjectConfigurationPlatforms) = postSolution
		{428AA4F0-0512-4C29-88AF-592DB742C323}.Debug|Any CPU.ActiveCfg = Debug|Any CPU
		{428AA4F0-0512-4C29-88AF-592DB742C323}.Debug|Any CPU.Build.0 = Debug|Any CPU
		{428AA4F0-0512-4C29-88AF-592DB742C323}.Release|Any CPU.ActiveCfg = Release|Any CPU
		{428AA4F0-0512-4C29-88AF-592DB742C323}.Release|Any CPU.Build.0 = Release|Any CPU
		{B87FFE8A-456B-4A53-B701-3F81B03C5FA0}.Debug|Any CPU.ActiveCfg = Debug|Any CPU
		{B87FFE8A-456B-4A53-B701-3F81B03C5FA0}.Debug|Any CPU.Build.0 = Debug|Any CPU
		{B87FFE8A-456B-4A53-B701-3F81B03C5FA0}.Release|Any CPU.ActiveCfg = Release|Any CPU
		{B87FFE8A-456B-4A53-B701-3F81B03C5FA0}.Release|Any CPU.Build.0 = Release|Any CPU
	EndGlobalSection
	GlobalSection(SolutionProperties) = preSolution
		HideSolutionNode = FALSE
	EndGlobalSection
	GlobalSection(ExtensibilityGlobals) = postSolution
		SolutionGuid = {B1B3BB18-E365-4BD7-8AA4-1859EF5CB439}
	EndGlobalSection
EndGlobal
